// !$*UTF8*$!
{
	archiveVersion = 1;
	classes = {
	};
	objectVersion = 50;
	objects = {

/* Begin PBXBuildFile section */
		03FDB67021D3789D00369F25 /* AppDelegate.swift in Sources */ = {isa = PBXBuildFile; fileRef = 03FDB66F21D3789D00369F25 /* AppDelegate.swift */; };
		03FDB67221D3789D00369F25 /* ViewController.swift in Sources */ = {isa = PBXBuildFile; fileRef = 03FDB67121D3789D00369F25 /* ViewController.swift */; };
		03FDB67521D3789D00369F25 /* Main.storyboard in Resources */ = {isa = PBXBuildFile; fileRef = 03FDB67321D3789D00369F25 /* Main.storyboard */; };
		03FDB67821D3789D00369F25 /* Dietsupporter1.xcdatamodeld in Sources */ = {isa = PBXBuildFile; fileRef = 03FDB67621D3789D00369F25 /* Dietsupporter1.xcdatamodeld */; };
		03FDB67A21D3789D00369F25 /* Assets.xcassets in Resources */ = {isa = PBXBuildFile; fileRef = 03FDB67921D3789D00369F25 /* Assets.xcassets */; };
		03FDB67D21D3789D00369F25 /* LaunchScreen.storyboard in Resources */ = {isa = PBXBuildFile; fileRef = 03FDB67B21D3789D00369F25 /* LaunchScreen.storyboard */; };
/* End PBXBuildFile section */

/* Begin PBXFileReference section */
		03FDB66C21D3789D00369F25 /* Dietsupporter1.app */ = {isa = PBXFileReference; explicitFileType = wrapper.application; includeInIndex = 0; path = Dietsupporter1.app; sourceTree = BUILT_PRODUCTS_DIR; };
		03FDB66F21D3789D00369F25 /* AppDelegate.swift */ = {isa = PBXFileReference; lastKnownFileType = sourcecode.swift; path = AppDelegate.swift; sourceTree = "<group>"; };
		03FDB67121D3789D00369F25 /* ViewController.swift */ = {isa = PBXFileReference; lastKnownFileType = sourcecode.swift; path = ViewController.swift; sourceTree = "<group>"; };
		03FDB67421D3789D00369F25 /* Base */ = {isa = PBXFileReference; lastKnownFileType = file.storyboard; name = Base; path = Base.lproj/Main.storyboard; sourceTree = "<group>"; };
		03FDB67721D3789D00369F25 /* Dietsupporter1.xcdatamodel */ = {isa = PBXFileReference; lastKnownFileType = wrapper.xcdatamodel; path = Dietsupporter1.xcdatamodel; sourceTree = "<group>"; };
		03FDB67921D3789D00369F25 /* Assets.xcassets */ = {isa = PBXFileReference; lastKnownFileType = folder.assetcatalog; path = Assets.xcassets; sourceTree = "<group>"; };
		03FDB67C21D3789D00369F25 /* Base */ = {isa = PBXFileReference; lastKnownFileType = file.storyboard; name = Base; path = Base.lproj/LaunchScreen.storyboard; sourceTree = "<group>"; };
		03FDB67E21D3789D00369F25 /* Info.plist */ = {isa = PBXFileReference; lastKnownFileType = text.plist.xml; path = Info.plist; sourceTree = "<group>"; };
/* End PBXFileReference section */

/* Begin PBXFrameworksBuildPhase section */
		03FDB66921D3789D00369F25 /* Frameworks */ = {
			isa = PBXFrameworksBuildPhase;
			buildActionMask = 2147483647;
			files = (
			);
			runOnlyForDeploymentPostprocessing = 0;
		};
/* End PBXFrameworksBuildPhase section */

/* Begin PBXGroup section */
		03FDB66321D3789D00369F25 = {
			isa = PBXGroup;
			children = (
				03FDB66E21D3789D00369F25 /* Dietsupporter1 */,
				03FDB66D21D3789D00369F25 /* Products */,
			);
			sourceTree = "<group>";
		};
		03FDB66D21D3789D00369F25 /* Products */ = {
			isa = PBXGroup;
			children = (
				03FDB66C21D3789D00369F25 /* Dietsupporter1.app */,
			);
			name = Products;
			sourceTree = "<group>";
		};
		03FDB66E21D3789D00369F25 /* Dietsupporter1 */ = {
			isa = PBXGroup;
			children = (
				03FDB66F21D3789D00369F25 /* AppDelegate.swift */,
				03FDB67121D3789D00369F25 /* ViewController.swift */,
				03FDB67321D3789D00369F25 /* Main.storyboard */,
				03FDB67921D3789D00369F25 /* Assets.xcassets */,
				03FDB67B21D3789D00369F25 /* LaunchScreen.storyboard */,
				03FDB67E21D3789D00369F25 /* Info.plist */,
				03FDB67621D3789D00369F25 /* Dietsupporter1.xcdatamodeld */,
			);
			path = Dietsupporter1;
			sourceTree = "<group>";
		};
/* End PBXGroup section */

/* Begin PBXNativeTarget section */
		03FDB66B21D3789D00369F25 /* Dietsupporter1 */ = {
			isa = PBXNativeTarget;
			buildConfigurationList = 03FDB68121D3789D00369F25 /* Build configuration list for PBXNativeTarget "Dietsupporter1" */;
			buildPhases = (
				03FDB66821D3789D00369F25 /* Sources */,
				03FDB66921D3789D00369F25 /* Frameworks */,
				03FDB66A21D3789D00369F25 /* Resources */,
			);
			buildRules = (
			);
			dependencies = (
			);
			name = Dietsupporter1;
			productName = Dietsupporter1;
			productReference = 03FDB66C21D3789D00369F25 /* Dietsupporter1.app */;
			productType = "com.apple.product-type.application";
		};
/* End PBXNativeTarget section */

/* Begin PBXProject section */
		03FDB66421D3789D00369F25 /* Project object */ = {
			isa = PBXProject;
			attributes = {
				LastSwiftUpdateCheck = 1010;
				LastUpgradeCheck = 1010;
				ORGANIZATIONNAME = Tsubasa_Sato;
				TargetAttributes = {
					03FDB66B21D3789D00369F25 = {
						CreatedOnToolsVersion = 10.1;
					};
				};
			};
			buildConfigurationList = 03FDB66721D3789D00369F25 /* Build configuration list for PBXProject "Dietsupporter1" */;
			compatibilityVersion = "Xcode 9.3";
			developmentRegion = en;
			hasScannedForEncodings = 0;
			knownRegions = (
				en,
				Base,
			);
			mainGroup = 03FDB66321D3789D00369F25;
			productRefGroup = 03FDB66D21D3789D00369F25 /* Products */;
			projectDirPath = "";
			projectRoot = "";
			targets = (
				03FDB66B21D3789D00369F25 /* Dietsupporter1 */,
			);
		};
/* End PBXProject section */

/* Begin PBXResourcesBuildPhase section */
		03FDB66A21D3789D00369F25 /* Resources */ = {
			isa = PBXResourcesBuildPhase;
			buildActionMask = 2147483647;
			files = (
				03FDB67D21D3789D00369F25 /* LaunchScreen.storyboard in Resources */,
				03FDB67A21D3789D00369F25 /* Assets.xcassets in Resources */,
				03FDB67521D3789D00369F25 /* Main.storyboard in Resources */,
			);
			runOnlyForDeploymentPostprocessing = 0;
		};
/* End PBXResourcesBuildPhase section */

/* Begin PBXSourcesBuildPhase section */
		03FDB66821D3789D00369F25 /* Sources */ = {
			isa = PBXSourcesBuildPhase;
			buildActionMask = 2147483647;
			files = (
				03FDB67221D3789D00369F25 /* ViewController.swift in Sources */,
				03FDB67021D3789D00369F25 /* AppDelegate.swift in Sources */,
				03FDB67821D3789D00369F25 /* Dietsupporter1.xcdatamodeld in Sources */,
			);
			runOnlyForDeploymentPostprocessing = 0;
		};
/* End PBXSourcesBuildPhase section */

/* Begin PBXVariantGroup section */
		03FDB67321D3789D00369F25 /* Main.storyboard */ = {
			isa = PBXVariantGroup;
			children = (
				03FDB67421D3789D00369F25 /* Base */,
			);
			name = Main.storyboard;
			sourceTree = "<group>";
		};
		03FDB67B21D3789D00369F25 /* LaunchScreen.storyboard */ = {
			isa = PBXVariantGroup;
			children = (
				03FDB67C21D3789D00369F25 /* Base */,
			);
			name = LaunchScreen.storyboard;
			sourceTree = "<group>";
		};
/* End PBXVariantGroup section */

/* Begin XCBuildConfiguration section */
		03FDB67F21D3789D00369F25 /* Debug */ = {
			isa = XCBuildConfiguration;
			buildSettings = {
				ALWAYS_SEARCH_USER_PATHS = NO;
				CLANG_ANALYZER_NONNULL = YES;
				CLANG_ANALYZER_NUMBER_OBJECT_CONVERSION = YES_AGGRESSIVE;
				CLANG_CXX_LANGUAGE_STANDARD = "gnu++14";
				CLANG_CXX_LIBRARY = "libc++";
				CLANG_ENABLE_MODULES = YES;
				CLANG_ENABLE_OBJC_ARC = YES;
				CLANG_ENABLE_OBJC_WEAK = YES;
				CLANG_WARN_BLOCK_CAPTURE_AUTORELEASING = YES;
				CLANG_WARN_BOOL_CONVERSION = YES;
				CLANG_WARN_COMMA = YES;
				CLANG_WARN_CONSTANT_CONVERSION = YES;
				CLANG_WARN_DEPRECATED_OBJC_IMPLEMENTATIONS = YES;
				CLANG_WARN_DIRECT_OBJC_ISA_USAGE = YES_ERROR;
				CLANG_WARN_DOCUMENTATION_COMMENTS = YES;
				CLANG_WARN_EMPTY_BODY = YES;
				CLANG_WARN_ENUM_CONVERSION = YES;
				CLANG_WARN_INFINITE_RECURSION = YES;
				CLANG_WARN_INT_CONVERSION = YES;
				CLANG_WARN_NON_LITERAL_NULL_CONVERSION = YES;
				CLANG_WARN_OBJC_IMPLICIT_RETAIN_SELF = YES;
				CLANG_WARN_OBJC_LITERAL_CONVERSION = YES;
				CLANG_WARN_OBJC_ROOT_CLASS = YES_ERROR;
				CLANG_WARN_RANGE_LOOP_ANALYSIS = YES;
				CLANG_WARN_STRICT_PROTOTYPES = YES;
				CLANG_WARN_SUSPICIOUS_MOVE = YES;
				CLANG_WARN_UNGUARDED_AVAILABILITY = YES_AGGRESSIVE;
				CLANG_WARN_UNREACHABLE_CODE = YES;
				CLANG_WARN__DUPLICATE_METHOD_MATCH = YES;
				CODE_SIGN_IDENTITY = "iPhone Developer";
				COPY_PHASE_STRIP = NO;
				DEBUG_INFORMATION_FORMAT = dwarf;
				ENABLE_STRICT_OBJC_MSGSEND = YES;
				ENABLE_TESTABILITY = YES;
				GCC_C_LANGUAGE_STANDARD = gnu11;
				GCC_DYNAMIC_NO_PIC = NO;
				GCC_NO_COMMON_BLOCKS = YES;
				GCC_OPTIMIZATION_LEVEL = 0;
				GCC_PREPROCESSOR_DEFINITIONS = (
					"DEBUG=1",
					"$(inherited)",
				);
				GCC_WARN_64_TO_32_BIT_CONVERSION = YES;
				GCC_WARN_ABOUT_RETURN_TYPE = YES_ERROR;
				GCC_WARN_UNDECLARED_SELECTOR = YES;
				GCC_WARN_UNINITIALIZED_AUTOS = YES_AGGRESSIVE;
				GCC_WARN_UNUSED_FUNCTION = YES;
				GCC_WARN_UNUSED_VARIABLE = YES;
				IPHONEOS_DEPLOYMENT_TARGET = 12.1;
				MTL_ENABLE_DEBUG_INFO = INCLUDE_SOURCE;
				MTL_FAST_MATH = YES;
				ONLY_ACTIVE_ARCH = YES;
				SDKROOT = iphoneos;
				SWIFT_ACTIVE_COMPILATION_CONDITIONS = DEBUG;
				SWIFT_OPTIMIZATION_LEVEL = "-Onone";
			};
			name = Debug;
		};
		03FDB68021D3789D00369F25 /* Release */ = {
			isa = XCBuildConfiguration;
			buildSettings = {
				ALWAYS_SEARCH_USER_PATHS = NO;
				CLANG_ANALYZER_NONNULL = YES;
				CLANG_ANALYZER_NUMBER_OBJECT_CONVERSION = YES_AGGRESSIVE;
				CLANG_CXX_LANGUAGE_STANDARD = "gnu++14";
				CLANG_CXX_LIBRARY = "libc++";
				CLANG_ENABLE_MODULES = YES;
				CLANG_ENABLE_OBJC_ARC = YES;
				CLANG_ENABLE_OBJC_WEAK = YES;
				CLANG_WARN_BLOCK_CAPTURE_AUTORELEASING = YES;
				CLANG_WARN_BOOL_CONVERSION = YES;
				CLANG_WARN_COMMA = YES;
				CLANG_WARN_CONSTANT_CONVERSION = YES;
				CLANG_WARN_DEPRECATED_OBJC_IMPLEMENTATIONS = YES;
				CLANG_WARN_DIRECT_OBJC_ISA_USAGE = YES_ERROR;
				CLANG_WARN_DOCUMENTATION_COMMENTS = YES;
				CLANG_WARN_EMPTY_BODY = YES;
				CLANG_WARN_ENUM_CONVERSION = YES;
				CLANG_WARN_INFINITE_RECURSION = YES;
				CLANG_WARN_INT_CONVERSION = YES;
				CLANG_WARN_NON_LITERAL_NULL_CONVERSION = YES;
				CLANG_WARN_OBJC_IMPLICIT_RETAIN_SELF = YES;
				CLANG_WARN_OBJC_LITERAL_CONVERSION = YES;
				CLANG_WARN_OBJC_ROOT_CLASS = YES_ERROR;
				CLANG_WARN_RANGE_LOOP_ANALYSIS = YES;
				CLANG_WARN_STRICT_PROTOTYPES = YES;
				CLANG_WARN_SUSPICIOUS_MOVE = YES;
				CLANG_WARN_UNGUARDED_AVAILABILITY = YES_AGGRESSIVE;
				CLANG_WARN_UNREACHABLE_CODE = YES;
				CLANG_WARN__DUPLICATE_METHOD_MATCH = YES;
				CODE_SIGN_IDENTITY = "iPhone Developer";
				COPY_PHASE_STRIP = NO;
				DEBUG_INFORMATION_FORMAT = "dwarf-with-dsym";
				ENABLE_NS_ASSERTIONS = NO;
				ENABLE_STRICT_OBJC_MSGSEND = YES;
				GCC_C_LANGUAGE_STANDARD = gnu11;
				GCC_NO_COMMON_BLOCKS = YES;
				GCC_WARN_64_TO_32_BIT_CONVERSION = YES;
				GCC_WARN_ABOUT_RETURN_TYPE = YES_ERROR;
				GCC_WARN_UNDECLARED_SELECTOR = YES;
				GCC_WARN_UNINITIALIZED_AUTOS = YES_AGGRESSIVE;
				GCC_WARN_UNUSED_FUNCTION = YES;
				GCC_WARN_UNUSED_VARIABLE = YES;
				IPHONEOS_DEPLOYMENT_TARGET = 12.1;
				MTL_ENABLE_DEBUG_INFO = NO;
				MTL_FAST_MATH = YES;
				SDKROOT = iphoneos;
				SWIFT_COMPILATION_MODE = wholemodule;
				SWIFT_OPTIMIZATION_LEVEL = "-O";
				VALIDATE_PRODUCT = YES;
			};
			name = Release;
		};
		03FDB68221D3789D00369F25 /* Debug */ = {
			isa = XCBuildConfiguration;
			buildSettings = {
				ASSETCATALOG_COMPILER_APPICON_NAME = AppIcon;
				CODE_SIGN_STYLE = Automatic;
				DEVELOPMENT_TEAM = 88FL693R99;
				INFOPLIST_FILE = Dietsupporter1/Info.plist;
				LD_RUNPATH_SEARCH_PATHS = (
					"$(inherited)",
					"@executable_path/Frameworks",
				);
				PRODUCT_BUNDLE_IDENTIFIER = jp.boy.hireniku.Dietsupporter1;
				PRODUCT_NAME = "$(TARGET_NAME)";
				SWIFT_VERSION = 4.2;
				TARGETED_DEVICE_FAMILY = "1,2";
			};
			name = Debug;
		};
		03FDB68321D3789D00369F25 /* Release */ = {
			isa = XCBuildConfiguration;
			buildSettings = {
				ASSETCATALOG_COMPILER_APPICON_NAME = AppIcon;
				CODE_SIGN_STYLE = Automatic;
				DEVELOPMENT_TEAM = 88FL693R99;
				INFOPLIST_FILE = Dietsupporter1/Info.plist;
				LD_RUNPATH_SEARCH_PATHS = (
					"$(inherited)",
					"@executable_path/Frameworks",
				);
				PRODUCT_BUNDLE_IDENTIFIER = jp.boy.hireniku.Dietsupporter1;
				PRODUCT_NAME = "$(TARGET_NAME)";
				SWIFT_VERSION = 4.2;
				TARGETED_DEVICE_FAMILY = "1,2";
			};
			name = Release;
		};
/* End XCBuildConfiguration section */

/* Begin XCConfigurationList section */
		03FDB66721D3789D00369F25 /* Build configuration list for PBXProject "Dietsupporter1" */ = {
			isa = XCConfigurationList;
			buildConfigurations = (
				03FDB67F21D3789D00369F25 /* Debug */,
				03FDB68021D3789D00369F25 /* Release */,
			);
			defaultConfigurationIsVisible = 0;
			defaultConfigurationName = Release;
		};
		03FDB68121D3789D00369F25 /* Build configuration list for PBXNativeTarget "Dietsupporter1" */ = {
			isa = XCConfigurationList;
			buildConfigurations = (
				03FDB68221D3789D00369F25 /* Debug */,
				03FDB68321D3789D00369F25 /* Release */,
			);
			defaultConfigurationIsVisible = 0;
			defaultConfigurationName = Release;
		};
/* End XCConfigurationList section */

/* Begin XCVersionGroup section */
		03FDB67621D3789D00369F25 /* Dietsupporter1.xcdatamodeld */ = {
			isa = XCVersionGroup;
			children = (
				03FDB67721D3789D00369F25 /* Dietsupporter1.xcdatamodel */,
			);
			currentVersion = 03FDB67721D3789D00369F25 /* Dietsupporter1.xcdatamodel */;
			path = Dietsupporter1.xcdatamodeld;
			sourceTree = "<group>";
			versionGroupType = wrapper.xcdatamodel;
		};
/* End XCVersionGroup section */
	};
	rootObject = 03FDB66421D3789D00369F25 /* Project object */;
}
